
Microsoft Visual Studio Solution File, Format Version 12.00
# Visual Studio 14
VisualStudioVersion = 14.0.25420.1
MinimumVisualStudioVersion = 10.0.40219.1
Project("{FAE04EC0-301F-11D3-BF4B-00C04F79EFBC}") = "HBManager", "HBManager\HBManager.csproj", "{9FC5A80E-86B9-4F1F-B109-1F3F0680A6B8}"
EndProject
Project("{2150E333-8FDC-42A3-9474-1A3956D46DE8}") = "Solution Items", "Solution Items", "{59CA686D-9923-41E4-81F1-0C69FC7DBF00}"
	ProjectSection(SolutionItems) = preProject
		.gitignore = .gitignore
	EndProjectSection
EndProject
Global
	GlobalSection(SolutionConfigurationPlatforms) = preSolution
		Debug|Any CPU = Debug|Any CPU
		Release|Any CPU = Release|Any CPU
	EndGlobalSection
	GlobalSection(ProjectConfigurationPlatforms) = postSolution
		{9FC5A80E-86B9-4F1F-B109-1F3F0680A6B8}.Debug|Any CPU.ActiveCfg = Debug|Any CPU
		{9FC5A80E-86B9-4F1F-B109-1F3F0680A6B8}.Debug|Any CPU.Build.0 = Debug|Any CPU
		{9FC5A80E-86B9-4F1F-B109-1F3F0680A6B8}.Release|Any CPU.ActiveCfg = Release|Any CPU
		{9FC5A80E-86B9-4F1F-B109-1F3F0680A6B8}.Release|Any CPU.Build.0 = Release|Any CPU
	EndGlobalSection
	GlobalSection(SolutionProperties) = preSolution
		HideSolutionNode = FALSE
	EndGlobalSection
EndGlobal
